
Microsoft Visual Studio Solution File, Format Version 12.00
# Visual Studio Version 17
VisualStudioVersion = 17.6.33815.320
MinimumVisualStudioVersion = 10.0.40219.1
Project("{FAE04EC0-301F-11D3-BF4B-00C04F79EFBC}") = "Phase1Section4.9", "Phase1Section4.9\Phase1Section4.9.csproj", "{4A249467-E74C-4F6F-99CD-2A2C80C97622}"
EndProject
Global
	GlobalSection(SolutionConfigurationPlatforms) = preSolution
		Debug|Any CPU = Debug|Any CPU
		Release|Any CPU = Release|Any CPU
	EndGlobalSection
	GlobalSection(ProjectConfigurationPlatforms) = postSolution
		{4A249467-E74C-4F6F-99CD-2A2C80C97622}.Debug|Any CPU.ActiveCfg = Debug|Any CPU
		{4A249467-E74C-4F6F-99CD-2A2C80C97622}.Debug|Any CPU.Build.0 = Debug|Any CPU
		{4A249467-E74C-4F6F-99CD-2A2C80C97622}.Release|Any CPU.ActiveCfg = Release|Any CPU
		{4A249467-E74C-4F6F-99CD-2A2C80C97622}.Release|Any CPU.Build.0 = Release|Any CPU
	EndGlobalSection
	GlobalSection(SolutionProperties) = preSolution
		HideSolutionNode = FALSE
	EndGlobalSection
	GlobalSection(ExtensibilityGlobals) = postSolution
		SolutionGuid = {4245EAEC-6106-44D5-B964-0F85587F3431}
	EndGlobalSection
EndGlobal
